// !$*UTF8*$!
{
	archiveVersion = 1;
	classes = {
	};
	objectVersion = 77;
	objects = {

/* Begin PBXContainerItemProxy section */
		9F2339012EAD49AD00150563 /* PBXContainerItemProxy */ = {
			isa = PBXContainerItemProxy;
			containerPortal = 9F2338E82EAD49AB00150563 /* Project object */;
			proxyType = 1;
			remoteGlobalIDString = 9F2338EF2EAD49AB00150563;
			remoteInfo = NewHacks;
		};
		9F23390B2EAD49AD00150563 /* PBXContainerItemProxy */ = {
			isa = PBXContainerItemProxy;
			containerPortal = 9F2338E82EAD49AB00150563 /* Project object */;
			proxyType = 1;
			remoteGlobalIDString = 9F2338EF2EAD49AB00150563;
			remoteInfo = NewHacks;
		};
/* End PBXContainerItemProxy section */

/* Begin PBXFileReference section */
		9F2338F02EAD49AB00150563 /* NewHacks.app */ = {isa = PBXFileReference; explicitFileType = wrapper.application; includeInIndex = 0; path = NewHacks.app; sourceTree = BUILT_PRODUCTS_DIR; };
		9F2339002EAD49AD00150563 /* NewHacksTests.xctest */ = {isa = PBXFileReference; explicitFileType = wrapper.cfbundle; includeInIndex = 0; path = NewHacksTests.xctest; sourceTree = BUILT_PRODUCTS_DIR; };
		9F23390A2EAD49AD00150563 /* NewHacksUITests.xctest */ = {isa = PBXFileReference; explicitFileType = wrapper.cfbundle; includeInIndex = 0; path = NewHacksUITests.xctest; sourceTree = BUILT_PRODUCTS_DIR; };
/* End PBXFileReference section */

/* Begin PBXFileSystemSynchronizedBuildFileExceptionSet section */
		CF8C7CE62EAD66370054ABAD /* Exceptions for "NewHacks" folder in "NewHacks" target */ = {
			isa = PBXFileSystemSynchronizedBuildFileExceptionSet;
			membershipExceptions = (
				Info.plist,
			);
			target = 9F2338EF2EAD49AB00150563 /* NewHacks */;
		};
/* End PBXFileSystemSynchronizedBuildFileExceptionSet section */

/* Begin PBXFileSystemSynchronizedRootGroup section */
		9F2338F22EAD49AB00150563 /* NewHacks */ = {
			isa = PBXFileSystemSynchronizedRootGroup;
			exceptions = (
				CF8C7CE62EAD66370054ABAD /* Exceptions for "NewHacks" folder in "NewHacks" target */,
			);
			path = NewHacks;
			sourceTree = "<group>";
		};
		9F2339032EAD49AD00150563 /* NewHacksTests */ = {
			isa = PBXFileSystemSynchronizedRootGroup;
			path = NewHacksTests;
			sourceTree = "<group>";
		};
		9F23390D2EAD49AD00150563 /* NewHacksUITests */ = {
			isa = PBXFileSystemSynchronizedRootGroup;
			path = NewHacksUITests;
			sourceTree = "<group>";
		};
/* End PBXFileSystemSynchronizedRootGroup section */

/* Begin PBXFrameworksBuildPhase section */
		9F2338ED2EAD49AB00150563 /* Frameworks */ = {
			isa = PBXFrameworksBuildPhase;
			buildActionMask = 2147483647;
			files = (
			);
			runOnlyForDeploymentPostprocessing = 0;
		};
		9F2338FD2EAD49AD00150563 /* Frameworks */ = {
			isa = PBXFrameworksBuildPhase;
			buildActionMask = 2147483647;
			files = (
			);
			runOnlyForDeploymentPostprocessing = 0;
		};
		9F2339072EAD49AD00150563 /* Frameworks */ = {
			isa = PBXFrameworksBuildPhase;
			buildActionMask = 2147483647;
			files = (
			);
			runOnlyForDeploymentPostprocessing = 0;
		};
/* End PBXFrameworksBuildPhase section */

/* Begin PBXGroup section */
		9F2338E72EAD49AB00150563 = {
			isa = PBXGroup;
			children = (
				9F2338F22EAD49AB00150563 /* NewHacks */,
				9F2339032EAD49AD00150563 /* NewHacksTests */,
				9F23390D2EAD49AD00150563 /* NewHacksUITests */,
				9F2338F12EAD49AB00150563 /* Products */,
			);
			sourceTree = "<group>";
		};
		9F2338F12EAD49AB00150563 /* Products */ = {
			isa = PBXGroup;
			children = (
				9F2338F02EAD49AB00150563 /* NewHacks.app */,
				9F2339002EAD49AD00150563 /* NewHacksTests.xctest */,
				9F23390A2EAD49AD00150563 /* NewHacksUITests.xctest */,
			);
			name = Products;
			sourceTree = "<group>";
		};
/* End PBXGroup section */

/* Begin PBXNativeTarget section */
		9F2338EF2EAD49AB00150563 /* NewHacks */ = {
			isa = PBXNativeTarget;
			buildConfigurationList = 9F2339142EAD49AD00150563 /* Build configuration list for PBXNativeTarget "NewHacks" */;
			buildPhases = (
				9F2338EC2EAD49AB00150563 /* Sources */,
				9F2338ED2EAD49AB00150563 /* Frameworks */,
				9F2338EE2EAD49AB00150563 /* Resources */,
			);
			buildRules = (
			);
			dependencies = (
			);
			fileSystemSynchronizedGroups = (
				9F2338F22EAD49AB00150563 /* NewHacks */,
			);
			name = NewHacks;
			packageProductDependencies = (
			);
			productName = NewHacks;
			productReference = 9F2338F02EAD49AB00150563 /* NewHacks.app */;
			productType = "com.apple.product-type.application";
		};
		9F2338FF2EAD49AD00150563 /* NewHacksTests */ = {
			isa = PBXNativeTarget;
			buildConfigurationList = 9F2339172EAD49AD00150563 /* Build configuration list for PBXNativeTarget "NewHacksTests" */;
			buildPhases = (
				9F2338FC2EAD49AD00150563 /* Sources */,
				9F2338FD2EAD49AD00150563 /* Frameworks */,
				9F2338FE2EAD49AD00150563 /* Resources */,
			);
			buildRules = (
			);
			dependencies = (
				9F2339022EAD49AD00150563 /* PBXTargetDependency */,
			);
			fileSystemSynchronizedGroups = (
				9F2339032EAD49AD00150563 /* NewHacksTests */,
			);
			name = NewHacksTests;
			packageProductDependencies = (
			);
			productName = NewHacksTests;
			productReference = 9F2339002EAD49AD00150563 /* NewHacksTests.xctest */;
			productType = "com.apple.product-type.bundle.unit-test";
		};
		9F2339092EAD49AD00150563 /* NewHacksUITests */ = {
			isa = PBXNativeTarget;
			buildConfigurationList = 9F23391A2EAD49AD00150563 /* Build configuration list for PBXNativeTarget "NewHacksUITests" */;
			buildPhases = (
				9F2339062EAD49AD00150563 /* Sources */,
				9F2339072EAD49AD00150563 /* Frameworks */,
				9F2339082EAD49AD00150563 /* Resources */,
			);
			buildRules = (
			);
			dependencies = (
				9F23390C2EAD49AD00150563 /* PBXTargetDependency */,
			);
			fileSystemSynchronizedGroups = (
				9F23390D2EAD49AD00150563 /* NewHacksUITests */,
			);
			name = NewHacksUITests;
			packageProductDependencies = (
			);
			productName = NewHacksUITests;
			productReference = 9F23390A2EAD49AD00150563 /* NewHacksUITests.xctest */;
			productType = "com.apple.product-type.bundle.ui-testing";
		};
/* End PBXNativeTarget section */

/* Begin PBXProject section */
		9F2338E82EAD49AB00150563 /* Project object */ = {
			isa = PBXProject;
			attributes = {
				BuildIndependentTargetsInParallel = 1;
				LastSwiftUpdateCheck = 1600;
				LastUpgradeCheck = 1600;
				TargetAttributes = {
					9F2338EF2EAD49AB00150563 = {
						CreatedOnToolsVersion = 16.0;
						LastSwiftMigration = 1620;
					};
					9F2338FF2EAD49AD00150563 = {
						CreatedOnToolsVersion = 16.0;
						TestTargetID = 9F2338EF2EAD49AB00150563;
					};
					9F2339092EAD49AD00150563 = {
						CreatedOnToolsVersion = 16.0;
						TestTargetID = 9F2338EF2EAD49AB00150563;
					};
				};
			};
			buildConfigurationList = 9F2338EB2EAD49AB00150563 /* Build configuration list for PBXProject "NewHacks" */;
			developmentRegion = en;
			hasScannedForEncodings = 0;
			knownRegions = (
				en,
				Base,
			);
			mainGroup = 9F2338E72EAD49AB00150563;
			minimizedProjectReferenceProxies = 1;
			packageReferences = (
				CF8C7CE42EAD61480054ABAD /* XCLocalSwiftPackageReference "../youtube-ios-player-helper" */,
			);
			preferredProjectObjectVersion = 77;
			productRefGroup = 9F2338F12EAD49AB00150563 /* Products */;
			projectDirPath = "";
			projectRoot = "";
			targets = (
				9F2338EF2EAD49AB00150563 /* NewHacks */,
				9F2338FF2EAD49AD00150563 /* NewHacksTests */,
				9F2339092EAD49AD00150563 /* NewHacksUITests */,
			);
		};
/* End PBXProject section */

/* Begin PBXResourcesBuildPhase section */
		9F2338EE2EAD49AB00150563 /* Resources */ = {
			isa = PBXResourcesBuildPhase;
			buildActionMask = 2147483647;
			files = (
			);
			runOnlyForDeploymentPostprocessing = 0;
		};
		9F2338FE2EAD49AD00150563 /* Resources */ = {
			isa = PBXResourcesBuildPhase;
			buildActionMask = 2147483647;
			files = (
			);
			runOnlyForDeploymentPostprocessing = 0;
		};
		9F2339082EAD49AD00150563 /* Resources */ = {
			isa = PBXResourcesBuildPhase;
			buildActionMask = 2147483647;
			files = (
			);
			runOnlyForDeploymentPostprocessing = 0;
		};
/* End PBXResourcesBuildPhase section */

/* Begin PBXSourcesBuildPhase section */
		9F2338EC2EAD49AB00150563 /* Sources */ = {
			isa = PBXSourcesBuildPhase;
			buildActionMask = 2147483647;
			files = (
			);
			runOnlyForDeploymentPostprocessing = 0;
		};
		9F2338FC2EAD49AD00150563 /* Sources */ = {
			isa = PBXSourcesBuildPhase;
			buildActionMask = 2147483647;
			files = (
			);
			runOnlyForDeploymentPostprocessing = 0;
		};
		9F2339062EAD49AD00150563 /* Sources */ = {
			isa = PBXSourcesBuildPhase;
			buildActionMask = 2147483647;
			files = (
			);
			runOnlyForDeploymentPostprocessing = 0;
		};
/* End PBXSourcesBuildPhase section */

/* Begin PBXTargetDependency section */
		9F2339022EAD49AD00150563 /* PBXTargetDependency */ = {
			isa = PBXTargetDependency;
			target = 9F2338EF2EAD49AB00150563 /* NewHacks */;
			targetProxy = 9F2339012EAD49AD00150563 /* PBXContainerItemProxy */;
		};
		9F23390C2EAD49AD00150563 /* PBXTargetDependency */ = {
			isa = PBXTargetDependency;
			target = 9F2338EF2EAD49AB00150563 /* NewHacks */;
			targetProxy = 9F23390B2EAD49AD00150563 /* PBXContainerItemProxy */;
		};
/* End PBXTargetDependency section */

/* Begin XCBuildConfiguration section */
		9F2339122EAD49AD00150563 /* Debug */ = {
			isa = XCBuildConfiguration;
			buildSettings = {
				ALWAYS_SEARCH_USER_PATHS = NO;
				ASSETCATALOG_COMPILER_GENERATE_SWIFT_ASSET_SYMBOL_EXTENSIONS = YES;
				CLANG_ANALYZER_NONNULL = YES;
				CLANG_ANALYZER_NUMBER_OBJECT_CONVERSION = YES_AGGRESSIVE;
				CLANG_CXX_LANGUAGE_STANDARD = "gnu++20";
				CLANG_ENABLE_MODULES = YES;
				CLANG_ENABLE_OBJC_ARC = YES;
				CLANG_ENABLE_OBJC_WEAK = YES;
				CLANG_WARN_BLOCK_CAPTURE_AUTORELEASING = YES;
				CLANG_WARN_BOOL_CONVERSION = YES;
				CLANG_WARN_COMMA = YES;
				CLANG_WARN_CONSTANT_CONVERSION = YES;
				CLANG_WARN_DEPRECATED_OBJC_IMPLEMENTATIONS = YES;
				CLANG_WARN_DIRECT_OBJC_ISA_USAGE = YES_ERROR;
				CLANG_WARN_DOCUMENTATION_COMMENTS = YES;
				CLANG_WARN_EMPTY_BODY = YES;
				CLANG_WARN_ENUM_CONVERSION = YES;
				CLANG_WARN_INFINITE_RECURSION = YES;
				CLANG_WARN_INT_CONVERSION = YES;
				CLANG_WARN_NON_LITERAL_NULL_CONVERSION = YES;
				CLANG_WARN_OBJC_IMPLICIT_RETAIN_SELF = YES;
				CLANG_WARN_OBJC_LITERAL_CONVERSION = YES;
				CLANG_WARN_OBJC_ROOT_CLASS = YES_ERROR;
				CLANG_WARN_QUOTED_INCLUDE_IN_FRAMEWORK_HEADER = YES;
				CLANG_WARN_RANGE_LOOP_ANALYSIS = YES;
				CLANG_WARN_STRICT_PROTOTYPES = YES;
				CLANG_WARN_SUSPICIOUS_MOVE = YES;
				CLANG_WARN_UNGUARDED_AVAILABILITY = YES_AGGRESSIVE;
				CLANG_WARN_UNREACHABLE_CODE = YES;
				CLANG_WARN__DUPLICATE_METHOD_MATCH = YES;
				COPY_PHASE_STRIP = NO;
				DEBUG_INFORMATION_FORMAT = dwarf;
				ENABLE_STRICT_OBJC_MSGSEND = YES;
				ENABLE_TESTABILITY = YES;
				ENABLE_USER_SCRIPT_SANDBOXING = YES;
				GCC_C_LANGUAGE_STANDARD = gnu17;
				GCC_DYNAMIC_NO_PIC = NO;
				GCC_NO_COMMON_BLOCKS = YES;
				GCC_OPTIMIZATION_LEVEL = 0;
				GCC_PREPROCESSOR_DEFINITIONS = (
					"DEBUG=1",
					"$(inherited)",
				);
				GCC_WARN_64_TO_32_BIT_CONVERSION = YES;
				GCC_WARN_ABOUT_RETURN_TYPE = YES_ERROR;
				GCC_WARN_UNDECLARED_SELECTOR = YES;
				GCC_WARN_UNINITIALIZED_AUTOS = YES_AGGRESSIVE;
				GCC_WARN_UNUSED_FUNCTION = YES;
				GCC_WARN_UNUSED_VARIABLE = YES;
				IPHONEOS_DEPLOYMENT_TARGET = 18.0;
				LOCALIZATION_PREFERS_STRING_CATALOGS = YES;
				MTL_ENABLE_DEBUG_INFO = INCLUDE_SOURCE;
				MTL_FAST_MATH = YES;
				ONLY_ACTIVE_ARCH = YES;
				SDKROOT = iphoneos;
				SWIFT_ACTIVE_COMPILATION_CONDITIONS = "DEBUG $(inherited)";
				SWIFT_OPTIMIZATION_LEVEL = "-Onone";
			};
			name = Debug;
		};
		9F2339132EAD49AD00150563 /* Release */ = {
			isa = XCBuildConfiguration;
			buildSettings = {
				ALWAYS_SEARCH_USER_PATHS = NO;
				ASSETCATALOG_COMPILER_GENERATE_SWIFT_ASSET_SYMBOL_EXTENSIONS = YES;
				CLANG_ANALYZER_NONNULL = YES;
				CLANG_ANALYZER_NUMBER_OBJECT_CONVERSION = YES_AGGRESSIVE;
				CLANG_CXX_LANGUAGE_STANDARD = "gnu++20";
				CLANG_ENABLE_MODULES = YES;
				CLANG_ENABLE_OBJC_ARC = YES;
				CLANG_ENABLE_OBJC_WEAK = YES;
				CLANG_WARN_BLOCK_CAPTURE_AUTORELEASING = YES;
				CLANG_WARN_BOOL_CONVERSION = YES;
				CLANG_WARN_COMMA = YES;
				CLANG_WARN_CONSTANT_CONVERSION = YES;
				CLANG_WARN_DEPRECATED_OBJC_IMPLEMENTATIONS = YES;
				CLANG_WARN_DIRECT_OBJC_ISA_USAGE = YES_ERROR;
				CLANG_WARN_DOCUMENTATION_COMMENTS = YES;
				CLANG_WARN_EMPTY_BODY = YES;
				CLANG_WARN_ENUM_CONVERSION = YES;
				CLANG_WARN_INFINITE_RECURSION = YES;
				CLANG_WARN_INT_CONVERSION = YES;
				CLANG_WARN_NON_LITERAL_NULL_CONVERSION = YES;
				CLANG_WARN_OBJC_IMPLICIT_RETAIN_SELF = YES;
				CLANG_WARN_OBJC_LITERAL_CONVERSION = YES;
				CLANG_WARN_OBJC_ROOT_CLASS = YES_ERROR;
				CLANG_WARN_QUOTED_INCLUDE_IN_FRAMEWORK_HEADER = YES;
				CLANG_WARN_RANGE_LOOP_ANALYSIS = YES;
				CLANG_WARN_STRICT_PROTOTYPES = YES;
				CLANG_WARN_SUSPICIOUS_MOVE = YES;
				CLANG_WARN_UNGUARDED_AVAILABILITY = YES_AGGRESSIVE;
				CLANG_WARN_UNREACHABLE_CODE = YES;
				CLANG_WARN__DUPLICATE_METHOD_MATCH = YES;
				COPY_PHASE_STRIP = NO;
				DEBUG_INFORMATION_FORMAT = "dwarf-with-dsym";
				ENABLE_NS_ASSERTIONS = NO;
				ENABLE_STRICT_OBJC_MSGSEND = YES;
				ENABLE_USER_SCRIPT_SANDBOXING = YES;
				GCC_C_LANGUAGE_STANDARD = gnu17;
				GCC_NO_COMMON_BLOCKS = YES;
				GCC_WARN_64_TO_32_BIT_CONVERSION = YES;
				GCC_WARN_ABOUT_RETURN_TYPE = YES_ERROR;
				GCC_WARN_UNDECLARED_SELECTOR = YES;
				GCC_WARN_UNINITIALIZED_AUTOS = YES_AGGRESSIVE;
				GCC_WARN_UNUSED_FUNCTION = YES;
				GCC_WARN_UNUSED_VARIABLE = YES;
				IPHONEOS_DEPLOYMENT_TARGET = 18.0;
				LOCALIZATION_PREFERS_STRING_CATALOGS = YES;
				MTL_ENABLE_DEBUG_INFO = NO;
				MTL_FAST_MATH = YES;
				SDKROOT = iphoneos;
				SWIFT_COMPILATION_MODE = wholemodule;
				VALIDATE_PRODUCT = YES;
			};
			name = Release;
		};
		9F2339152EAD49AD00150563 /* Debug */ = {
			isa = XCBuildConfiguration;
			buildSettings = {
				ASSETCATALOG_COMPILER_APPICON_NAME = AppIcon;
				ASSETCATALOG_COMPILER_GLOBAL_ACCENT_COLOR_NAME = AccentColor;
				CLANG_ENABLE_MODULES = YES;
				CODE_SIGN_STYLE = Automatic;
				CURRENT_PROJECT_VERSION = 1;
				DEVELOPMENT_ASSET_PATHS = "\"NewHacks/Preview Content\"";
				ENABLE_PREVIEWS = YES;
				GENERATE_INFOPLIST_FILE = YES;
				INFOPLIST_FILE = NewHacks/Info.plist;
				INFOPLIST_KEY_UIApplicationSceneManifest_Generation = YES;
				INFOPLIST_KEY_UIApplicationSupportsIndirectInputEvents = YES;
				INFOPLIST_KEY_UILaunchScreen_Generation = YES;
				INFOPLIST_KEY_UISupportedInterfaceOrientations_iPad = "UIInterfaceOrientationPortrait UIInterfaceOrientationPortraitUpsideDown UIInterfaceOrientationLandscapeLeft UIInterfaceOrientationLandscapeRight";
				INFOPLIST_KEY_UISupportedInterfaceOrientations_iPhone = "UIInterfaceOrientationPortrait UIInterfaceOrientationLandscapeLeft UIInterfaceOrientationLandscapeRight";
				LD_RUNPATH_SEARCH_PATHS = (
					"$(inherited)",
					"@executable_path/Frameworks",
				);
				MARKETING_VERSION = 1.0;
				PRODUCT_BUNDLE_IDENTIFIER = hassan.NewHacks;
				PRODUCT_NAME = "$(TARGET_NAME)";
				SWIFT_EMIT_LOC_STRINGS = YES;
				SWIFT_OBJC_BRIDGING_HEADER = "NewHacks/NewHacks-Bridging-Header.h";
				SWIFT_OPTIMIZATION_LEVEL = "-Onone";
				SWIFT_VERSION = 5.0;
				TARGETED_DEVICE_FAMILY = "1,2";
				unnamed = "";
			};
			name = Debug;
		};
		9F2339162EAD49AD00150563 /* Release */ = {
			isa = XCBuildConfiguration;
			buildSettings = {
				ASSETCATALOG_COMPILER_APPICON_NAME = AppIcon;
				ASSETCATALOG_COMPILER_GLOBAL_ACCENT_COLOR_NAME = AccentColor;
				CLANG_ENABLE_MODULES = YES;
				CODE_SIGN_STYLE = Automatic;
				CURRENT_PROJECT_VERSION = 1;
				DEVELOPMENT_ASSET_PATHS = "\"NewHacks/Preview Content\"";
				ENABLE_PREVIEWS = YES;
				GENERATE_INFOPLIST_FILE = YES;
				INFOPLIST_FILE = NewHacks/Info.plist;
				INFOPLIST_KEY_UIApplicationSceneManifest_Generation = YES;
				INFOPLIST_KEY_UIApplicationSupportsIndirectInputEvents = YES;
				INFOPLIST_KEY_UILaunchScreen_Generation = YES;
				INFOPLIST_KEY_UISupportedInterfaceOrientations_iPad = "UIInterfaceOrientationPortrait UIInterfaceOrientationPortraitUpsideDown UIInterfaceOrientationLandscapeLeft UIInterfaceOrientationLandscapeRight";
				INFOPLIST_KEY_UISupportedInterfaceOrientations_iPhone = "UIInterfaceOrientationPortrait UIInterfaceOrientationLandscapeLeft UIInterfaceOrientationLandscapeRight";
				LD_RUNPATH_SEARCH_PATHS = (
					"$(inherited)",
					"@executable_path/Frameworks",
				);
				MARKETING_VERSION = 1.0;
				PRODUCT_BUNDLE_IDENTIFIER = hassan.NewHacks;
				PRODUCT_NAME = "$(TARGET_NAME)";
				SWIFT_EMIT_LOC_STRINGS = YES;
				SWIFT_OBJC_BRIDGING_HEADER = "NewHacks/NewHacks-Bridging-Header.h";
				SWIFT_VERSION = 5.0;
				TARGETED_DEVICE_FAMILY = "1,2";
				unnamed = "";
			};
			name = Release;
		};
		9F2339182EAD49AD00150563 /* Debug */ = {
			isa = XCBuildConfiguration;
			buildSettings = {
				BUNDLE_LOADER = "$(TEST_HOST)";
				CODE_SIGN_STYLE = Automatic;
				CURRENT_PROJECT_VERSION = 1;
				GENERATE_INFOPLIST_FILE = YES;
				IPHONEOS_DEPLOYMENT_TARGET = 18.0;
				MARKETING_VERSION = 1.0;
				PRODUCT_BUNDLE_IDENTIFIER = hassan.NewHacksTests;
				PRODUCT_NAME = "$(TARGET_NAME)";
				SWIFT_EMIT_LOC_STRINGS = NO;
				SWIFT_VERSION = 5.0;
				TARGETED_DEVICE_FAMILY = "1,2";
				TEST_HOST = "$(BUILT_PRODUCTS_DIR)/NewHacks.app/$(BUNDLE_EXECUTABLE_FOLDER_PATH)/NewHacks";
			};
			name = Debug;
		};
		9F2339192EAD49AD00150563 /* Release */ = {
			isa = XCBuildConfiguration;
			buildSettings = {
				BUNDLE_LOADER = "$(TEST_HOST)";
				CODE_SIGN_STYLE = Automatic;
				CURRENT_PROJECT_VERSION = 1;
				GENERATE_INFOPLIST_FILE = YES;
				IPHONEOS_DEPLOYMENT_TARGET = 18.0;
				MARKETING_VERSION = 1.0;
				PRODUCT_BUNDLE_IDENTIFIER = hassan.NewHacksTests;
				PRODUCT_NAME = "$(TARGET_NAME)";
				SWIFT_EMIT_LOC_STRINGS = NO;
				SWIFT_VERSION = 5.0;
				TARGETED_DEVICE_FAMILY = "1,2";
				TEST_HOST = "$(BUILT_PRODUCTS_DIR)/NewHacks.app/$(BUNDLE_EXECUTABLE_FOLDER_PATH)/NewHacks";
			};
			name = Release;
		};
		9F23391B2EAD49AD00150563 /* Debug */ = {
			isa = XCBuildConfiguration;
			buildSettings = {
				CODE_SIGN_STYLE = Automatic;
				CURRENT_PROJECT_VERSION = 1;
				GENERATE_INFOPLIST_FILE = YES;
				MARKETING_VERSION = 1.0;
				PRODUCT_BUNDLE_IDENTIFIER = hassan.NewHacksUITests;
				PRODUCT_NAME = "$(TARGET_NAME)";
				SWIFT_EMIT_LOC_STRINGS = NO;
				SWIFT_VERSION = 5.0;
				TARGETED_DEVICE_FAMILY = "1,2";
				TEST_TARGET_NAME = NewHacks;
			};
			name = Debug;
		};
		9F23391C2EAD49AD00150563 /* Release */ = {
			isa = XCBuildConfiguration;
			buildSettings = {
				CODE_SIGN_STYLE = Automatic;
				CURRENT_PROJECT_VERSION = 1;
				GENERATE_INFOPLIST_FILE = YES;
				MARKETING_VERSION = 1.0;
				PRODUCT_BUNDLE_IDENTIFIER = hassan.NewHacksUITests;
				PRODUCT_NAME = "$(TARGET_NAME)";
				SWIFT_EMIT_LOC_STRINGS = NO;
				SWIFT_VERSION = 5.0;
				TARGETED_DEVICE_FAMILY = "1,2";
				TEST_TARGET_NAME = NewHacks;
			};
			name = Release;
		};
/* End XCBuildConfiguration section */

/* Begin XCConfigurationList section */
		9F2338EB2EAD49AB00150563 /* Build configuration list for PBXProject "NewHacks" */ = {
			isa = XCConfigurationList;
			buildConfigurations = (
				9F2339122EAD49AD00150563 /* Debug */,
				9F2339132EAD49AD00150563 /* Release */,
			);
			defaultConfigurationIsVisible = 0;
			defaultConfigurationName = Release;
		};
		9F2339142EAD49AD00150563 /* Build configuration list for PBXNativeTarget "NewHacks" */ = {
			isa = XCConfigurationList;
			buildConfigurations = (
				9F2339152EAD49AD00150563 /* Debug */,
				9F2339162EAD49AD00150563 /* Release */,
			);
			defaultConfigurationIsVisible = 0;
			defaultConfigurationName = Release;
		};
		9F2339172EAD49AD00150563 /* Build configuration list for PBXNativeTarget "NewHacksTests" */ = {
			isa = XCConfigurationList;
			buildConfigurations = (
				9F2339182EAD49AD00150563 /* Debug */,
				9F2339192EAD49AD00150563 /* Release */,
			);
			defaultConfigurationIsVisible = 0;
			defaultConfigurationName = Release;
		};
		9F23391A2EAD49AD00150563 /* Build configuration list for PBXNativeTarget "NewHacksUITests" */ = {
			isa = XCConfigurationList;
			buildConfigurations = (
				9F23391B2EAD49AD00150563 /* Debug */,
				9F23391C2EAD49AD00150563 /* Release */,
			);
			defaultConfigurationIsVisible = 0;
			defaultConfigurationName = Release;
		};
/* End XCConfigurationList section */

/* Begin XCLocalSwiftPackageReference section */
		CF8C7CE42EAD61480054ABAD /* XCLocalSwiftPackageReference "../youtube-ios-player-helper" */ = {
			isa = XCLocalSwiftPackageReference;
			relativePath = "../youtube-ios-player-helper";
		};
/* End XCLocalSwiftPackageReference section */
	};
	rootObject = 9F2338E82EAD49AB00150563 /* Project object */;
}
